
Microsoft Visual Studio Solution File, Format Version 12.00
# Visual Studio Version 17
VisualStudioVersion = 17.5.002.0
MinimumVisualStudioVersion = 10.0.40219.1
Project("{9A19103F-16F7-4668-BE54-9A1E7A4F7556}") = "Hola Mundo .net", "Hola Mundo .net.csproj", "{35120A53-576F-48DB-A0E2-FB1D5CFA2D4C}"
EndProject
Global
	GlobalSection(SolutionConfigurationPlatforms) = preSolution
		Debug|Any CPU = Debug|Any CPU
		Release|Any CPU = Release|Any CPU
	EndGlobalSection
	GlobalSection(ProjectConfigurationPlatforms) = postSolution
		{35120A53-576F-48DB-A0E2-FB1D5CFA2D4C}.Debug|Any CPU.ActiveCfg = Debug|Any CPU
		{35120A53-576F-48DB-A0E2-FB1D5CFA2D4C}.Debug|Any CPU.Build.0 = Debug|Any CPU
		{35120A53-576F-48DB-A0E2-FB1D5CFA2D4C}.Release|Any CPU.ActiveCfg = Release|Any CPU
		{35120A53-576F-48DB-A0E2-FB1D5CFA2D4C}.Release|Any CPU.Build.0 = Release|Any CPU
	EndGlobalSection
	GlobalSection(SolutionProperties) = preSolution
		HideSolutionNode = FALSE
	EndGlobalSection
	GlobalSection(ExtensibilityGlobals) = postSolution
		SolutionGuid = {DE37410A-CD0C-4DE6-BD12-3599354D2794}
	EndGlobalSection
EndGlobal
